
Microsoft Visual Studio Solution File, Format Version 12.00
# Visual Studio Version 17
VisualStudioVersion = 17.0.31903.59
MinimumVisualStudioVersion = 10.0.40219.1
Project("{FAE04EC0-301F-11D3-BF4B-00C04F79EFBC}") = "WalletApi.API", "WalletApi.API\WalletApi.API.csproj", "{EF9E310A-6D6F-4237-AA5E-8F90EB05C4C0}"
EndProject
Project("{FAE04EC0-301F-11D3-BF4B-00C04F79EFBC}") = "WalletApi.Application", "WalletApi.Application\WalletApi.Application.csproj", "{1F1EAF80-BDEB-40C4-935F-0F28415DF106}"
EndProject
Project("{FAE04EC0-301F-11D3-BF4B-00C04F79EFBC}") = "WalletApi.Domain", "WalletApi.Domain\WalletApi.Domain.csproj", "{FA0288A2-E1F9-49CD-AB7F-B6F4069BEA2E}"
EndProject
Project("{FAE04EC0-301F-11D3-BF4B-00C04F79EFBC}") = "WalletApi.Infrastructure", "WalletApi.Infrastructure\WalletApi.Infrastructure.csproj", "{06AAD4BD-7779-4D75-9C55-762B36B87A45}"
EndProject
Project("{FAE04EC0-301F-11D3-BF4B-00C04F79EFBC}") = "WalletApi.Tests", "WalletApi.Tests\WalletApi.Tests.csproj", "{9FF3CCB5-C3E6-4DB2-BF57-024263A45998}"
EndProject
Project("{FAE04EC0-301F-11D3-BF4B-00C04F79EFBC}") = "WalletApi.IntegrationTests", "WalletApi.IntegrationTests\WalletApi.IntegrationTests.csproj", "{E3B8A797-5A00-4C26-A24F-E0F4F83F32A6}"
EndProject
Global
	GlobalSection(SolutionConfigurationPlatforms) = preSolution
		Debug|Any CPU = Debug|Any CPU
		Debug|x64 = Debug|x64
		Debug|x86 = Debug|x86
		Release|Any CPU = Release|Any CPU
		Release|x64 = Release|x64
		Release|x86 = Release|x86
	EndGlobalSection
	GlobalSection(ProjectConfigurationPlatforms) = postSolution
		{EF9E310A-6D6F-4237-AA5E-8F90EB05C4C0}.Debug|Any CPU.ActiveCfg = Debug|Any CPU
		{EF9E310A-6D6F-4237-AA5E-8F90EB05C4C0}.Debug|Any CPU.Build.0 = Debug|Any CPU
		{EF9E310A-6D6F-4237-AA5E-8F90EB05C4C0}.Debug|x64.ActiveCfg = Debug|Any CPU
		{EF9E310A-6D6F-4237-AA5E-8F90EB05C4C0}.Debug|x64.Build.0 = Debug|Any CPU
		{EF9E310A-6D6F-4237-AA5E-8F90EB05C4C0}.Debug|x86.ActiveCfg = Debug|Any CPU
		{EF9E310A-6D6F-4237-AA5E-8F90EB05C4C0}.Debug|x86.Build.0 = Debug|Any CPU
		{EF9E310A-6D6F-4237-AA5E-8F90EB05C4C0}.Release|Any CPU.ActiveCfg = Release|Any CPU
		{EF9E310A-6D6F-4237-AA5E-8F90EB05C4C0}.Release|Any CPU.Build.0 = Release|Any CPU
		{EF9E310A-6D6F-4237-AA5E-8F90EB05C4C0}.Release|x64.ActiveCfg = Release|Any CPU
		{EF9E310A-6D6F-4237-AA5E-8F90EB05C4C0}.Release|x64.Build.0 = Release|Any CPU
		{EF9E310A-6D6F-4237-AA5E-8F90EB05C4C0}.Release|x86.ActiveCfg = Release|Any CPU
		{EF9E310A-6D6F-4237-AA5E-8F90EB05C4C0}.Release|x86.Build.0 = Release|Any CPU
		{1F1EAF80-BDEB-40C4-935F-0F28415DF106}.Debug|Any CPU.ActiveCfg = Debug|Any CPU
		{1F1EAF80-BDEB-40C4-935F-0F28415DF106}.Debug|Any CPU.Build.0 = Debug|Any CPU
		{1F1EAF80-BDEB-40C4-935F-0F28415DF106}.Debug|x64.ActiveCfg = Debug|Any CPU
		{1F1EAF80-BDEB-40C4-935F-0F28415DF106}.Debug|x64.Build.0 = Debug|Any CPU
		{1F1EAF80-BDEB-40C4-935F-0F28415DF106}.Debug|x86.ActiveCfg = Debug|Any CPU
		{1F1EAF80-BDEB-40C4-935F-0F28415DF106}.Debug|x86.Build.0 = Debug|Any CPU
		{1F1EAF80-BDEB-40C4-935F-0F28415DF106}.Release|Any CPU.ActiveCfg = Release|Any CPU
		{1F1EAF80-BDEB-40C4-935F-0F28415DF106}.Release|Any CPU.Build.0 = Release|Any CPU
		{1F1EAF80-BDEB-40C4-935F-0F28415DF106}.Release|x64.ActiveCfg = Release|Any CPU
		{1F1EAF80-BDEB-40C4-935F-0F28415DF106}.Release|x64.Build.0 = Release|Any CPU
		{1F1EAF80-BDEB-40C4-935F-0F28415DF106}.Release|x86.ActiveCfg = Release|Any CPU
		{1F1EAF80-BDEB-40C4-935F-0F28415DF106}.Release|x86.Build.0 = Release|Any CPU
		{FA0288A2-E1F9-49CD-AB7F-B6F4069BEA2E}.Debug|Any CPU.ActiveCfg = Debug|Any CPU
		{FA0288A2-E1F9-49CD-AB7F-B6F4069BEA2E}.Debug|Any CPU.Build.0 = Debug|Any CPU
		{FA0288A2-E1F9-49CD-AB7F-B6F4069BEA2E}.Debug|x64.ActiveCfg = Debug|Any CPU
		{FA0288A2-E1F9-49CD-AB7F-B6F4069BEA2E}.Debug|x64.Build.0 = Debug|Any CPU
		{FA0288A2-E1F9-49CD-AB7F-B6F4069BEA2E}.Debug|x86.ActiveCfg = Debug|Any CPU
		{FA0288A2-E1F9-49CD-AB7F-B6F4069BEA2E}.Debug|x86.Build.0 = Debug|Any CPU
		{FA0288A2-E1F9-49CD-AB7F-B6F4069BEA2E}.Release|Any CPU.ActiveCfg = Release|Any CPU
		{FA0288A2-E1F9-49CD-AB7F-B6F4069BEA2E}.Release|Any CPU.Build.0 = Release|Any CPU
		{FA0288A2-E1F9-49CD-AB7F-B6F4069BEA2E}.Release|x64.ActiveCfg = Release|Any CPU
		{FA0288A2-E1F9-49CD-AB7F-B6F4069BEA2E}.Release|x64.Build.0 = Release|Any CPU
		{FA0288A2-E1F9-49CD-AB7F-B6F4069BEA2E}.Release|x86.ActiveCfg = Release|Any CPU
		{FA0288A2-E1F9-49CD-AB7F-B6F4069BEA2E}.Release|x86.Build.0 = Release|Any CPU
		{06AAD4BD-7779-4D75-9C55-762B36B87A45}.Debug|Any CPU.ActiveCfg = Debug|Any CPU
		{06AAD4BD-7779-4D75-9C55-762B36B87A45}.Debug|Any CPU.Build.0 = Debug|Any CPU
		{06AAD4BD-7779-4D75-9C55-762B36B87A45}.Debug|x64.ActiveCfg = Debug|Any CPU
		{06AAD4BD-7779-4D75-9C55-762B36B87A45}.Debug|x64.Build.0 = Debug|Any CPU
		{06AAD4BD-7779-4D75-9C55-762B36B87A45}.Debug|x86.ActiveCfg = Debug|Any CPU
		{06AAD4BD-7779-4D75-9C55-762B36B87A45}.Debug|x86.Build.0 = Debug|Any CPU
		{06AAD4BD-7779-4D75-9C55-762B36B87A45}.Release|Any CPU.ActiveCfg = Release|Any CPU
		{06AAD4BD-7779-4D75-9C55-762B36B87A45}.Release|Any CPU.Build.0 = Release|Any CPU
		{06AAD4BD-7779-4D75-9C55-762B36B87A45}.Release|x64.ActiveCfg = Release|Any CPU
		{06AAD4BD-7779-4D75-9C55-762B36B87A45}.Release|x64.Build.0 = Release|Any CPU
		{06AAD4BD-7779-4D75-9C55-762B36B87A45}.Release|x86.ActiveCfg = Release|Any CPU
		{06AAD4BD-7779-4D75-9C55-762B36B87A45}.Release|x86.Build.0 = Release|Any CPU
		{9FF3CCB5-C3E6-4DB2-BF57-024263A45998}.Debug|Any CPU.ActiveCfg = Debug|Any CPU
		{9FF3CCB5-C3E6-4DB2-BF57-024263A45998}.Debug|Any CPU.Build.0 = Debug|Any CPU
		{9FF3CCB5-C3E6-4DB2-BF57-024263A45998}.Debug|x64.ActiveCfg = Debug|Any CPU
		{9FF3CCB5-C3E6-4DB2-BF57-024263A45998}.Debug|x64.Build.0 = Debug|Any CPU
		{9FF3CCB5-C3E6-4DB2-BF57-024263A45998}.Debug|x86.ActiveCfg = Debug|Any CPU
		{9FF3CCB5-C3E6-4DB2-BF57-024263A45998}.Debug|x86.Build.0 = Debug|Any CPU
		{9FF3CCB5-C3E6-4DB2-BF57-024263A45998}.Release|Any CPU.ActiveCfg = Release|Any CPU
		{9FF3CCB5-C3E6-4DB2-BF57-024263A45998}.Release|Any CPU.Build.0 = Release|Any CPU
		{9FF3CCB5-C3E6-4DB2-BF57-024263A45998}.Release|x64.ActiveCfg = Release|Any CPU
		{9FF3CCB5-C3E6-4DB2-BF57-024263A45998}.Release|x64.Build.0 = Release|Any CPU
		{9FF3CCB5-C3E6-4DB2-BF57-024263A45998}.Release|x86.ActiveCfg = Release|Any CPU
		{9FF3CCB5-C3E6-4DB2-BF57-024263A45998}.Release|x86.Build.0 = Release|Any CPU
		{E3B8A797-5A00-4C26-A24F-E0F4F83F32A6}.Debug|Any CPU.ActiveCfg = Debug|Any CPU
		{E3B8A797-5A00-4C26-A24F-E0F4F83F32A6}.Debug|Any CPU.Build.0 = Debug|Any CPU
		{E3B8A797-5A00-4C26-A24F-E0F4F83F32A6}.Debug|x64.ActiveCfg = Debug|Any CPU
		{E3B8A797-5A00-4C26-A24F-E0F4F83F32A6}.Debug|x64.Build.0 = Debug|Any CPU
		{E3B8A797-5A00-4C26-A24F-E0F4F83F32A6}.Debug|x86.ActiveCfg = Debug|Any CPU
		{E3B8A797-5A00-4C26-A24F-E0F4F83F32A6}.Debug|x86.Build.0 = Debug|Any CPU
		{E3B8A797-5A00-4C26-A24F-E0F4F83F32A6}.Release|Any CPU.ActiveCfg = Release|Any CPU
		{E3B8A797-5A00-4C26-A24F-E0F4F83F32A6}.Release|Any CPU.Build.0 = Release|Any CPU
		{E3B8A797-5A00-4C26-A24F-E0F4F83F32A6}.Release|x64.ActiveCfg = Release|Any CPU
		{E3B8A797-5A00-4C26-A24F-E0F4F83F32A6}.Release|x64.Build.0 = Release|Any CPU
		{E3B8A797-5A00-4C26-A24F-E0F4F83F32A6}.Release|x86.ActiveCfg = Release|Any CPU
		{E3B8A797-5A00-4C26-A24F-E0F4F83F32A6}.Release|x86.Build.0 = Release|Any CPU
	EndGlobalSection
	GlobalSection(SolutionProperties) = preSolution
		HideSolutionNode = FALSE
	EndGlobalSection
EndGlobal
